
Microsoft Visual Studio Solution File, Format Version 12.00
# Visual Studio 2013
VisualStudioVersion = 12.0.31101.0
MinimumVisualStudioVersion = 10.0.40219.1
Project("{FAE04EC0-301F-11D3-BF4B-00C04F79EFBC}") = "01. Class Size", "01. Class Size\01. Class Size.csproj", "{8FE52E3D-8485-43A7-A3FB-9615217E6532}"
EndProject
Project("{FAE04EC0-301F-11D3-BF4B-00C04F79EFBC}") = "02. Method-PrintStatistics", "02. Method-PrintStatistics\02. Method-PrintStatistics.csproj", "{FD133F95-060A-4D28-BBDB-CFA47CCEDB8E}"
EndProject
Global
	GlobalSection(SolutionConfigurationPlatforms) = preSolution
		Debug|Any CPU = Debug|Any CPU
		Release|Any CPU = Release|Any CPU
	EndGlobalSection
	GlobalSection(ProjectConfigurationPlatforms) = postSolution
		{8FE52E3D-8485-43A7-A3FB-9615217E6532}.Debug|Any CPU.ActiveCfg = Debug|Any CPU
		{8FE52E3D-8485-43A7-A3FB-9615217E6532}.Debug|Any CPU.Build.0 = Debug|Any CPU
		{8FE52E3D-8485-43A7-A3FB-9615217E6532}.Release|Any CPU.ActiveCfg = Release|Any CPU
		{8FE52E3D-8485-43A7-A3FB-9615217E6532}.Release|Any CPU.Build.0 = Release|Any CPU
		{FD133F95-060A-4D28-BBDB-CFA47CCEDB8E}.Debug|Any CPU.ActiveCfg = Debug|Any CPU
		{FD133F95-060A-4D28-BBDB-CFA47CCEDB8E}.Debug|Any CPU.Build.0 = Debug|Any CPU
		{FD133F95-060A-4D28-BBDB-CFA47CCEDB8E}.Release|Any CPU.ActiveCfg = Release|Any CPU
		{FD133F95-060A-4D28-BBDB-CFA47CCEDB8E}.Release|Any CPU.Build.0 = Release|Any CPU
	EndGlobalSection
	GlobalSection(SolutionProperties) = preSolution
		HideSolutionNode = FALSE
	EndGlobalSection
EndGlobal
