
Microsoft Visual Studio Solution File, Format Version 12.00
# Visual Studio 2013
VisualStudioVersion = 12.0.31101.0
MinimumVisualStudioVersion = 10.0.40219.1
Project("{FAE04EC0-301F-11D3-BF4B-00C04F79EFBC}") = "01.Refactoring", "01.Refactoring\01.Refactoring.csproj", "{F6022443-BB0C-4ECE-9910-163ED7AD08C4}"
EndProject
Project("{FAE04EC0-301F-11D3-BF4B-00C04F79EFBC}") = "02.Student System", "02.Student System\02.Student System.csproj", "{AA2F0BD9-B991-4497-B1F2-C36FF860C95E}"
EndProject
Project("{FAE04EC0-301F-11D3-BF4B-00C04F79EFBC}") = "03.LinkedIn", "03.LinkedIn\03.LinkedIn.csproj", "{2BB40C45-ED11-4445-8CC4-3E9C9090A510}"
EndProject
Global
	GlobalSection(SolutionConfigurationPlatforms) = preSolution
		Debug|Any CPU = Debug|Any CPU
		Release|Any CPU = Release|Any CPU
	EndGlobalSection
	GlobalSection(ProjectConfigurationPlatforms) = postSolution
		{F6022443-BB0C-4ECE-9910-163ED7AD08C4}.Debug|Any CPU.ActiveCfg = Debug|Any CPU
		{F6022443-BB0C-4ECE-9910-163ED7AD08C4}.Debug|Any CPU.Build.0 = Debug|Any CPU
		{F6022443-BB0C-4ECE-9910-163ED7AD08C4}.Release|Any CPU.ActiveCfg = Release|Any CPU
		{F6022443-BB0C-4ECE-9910-163ED7AD08C4}.Release|Any CPU.Build.0 = Release|Any CPU
		{AA2F0BD9-B991-4497-B1F2-C36FF860C95E}.Debug|Any CPU.ActiveCfg = Debug|Any CPU
		{AA2F0BD9-B991-4497-B1F2-C36FF860C95E}.Debug|Any CPU.Build.0 = Debug|Any CPU
		{AA2F0BD9-B991-4497-B1F2-C36FF860C95E}.Release|Any CPU.ActiveCfg = Release|Any CPU
		{AA2F0BD9-B991-4497-B1F2-C36FF860C95E}.Release|Any CPU.Build.0 = Release|Any CPU
		{2BB40C45-ED11-4445-8CC4-3E9C9090A510}.Debug|Any CPU.ActiveCfg = Debug|Any CPU
		{2BB40C45-ED11-4445-8CC4-3E9C9090A510}.Debug|Any CPU.Build.0 = Debug|Any CPU
		{2BB40C45-ED11-4445-8CC4-3E9C9090A510}.Release|Any CPU.ActiveCfg = Release|Any CPU
		{2BB40C45-ED11-4445-8CC4-3E9C9090A510}.Release|Any CPU.Build.0 = Release|Any CPU
	EndGlobalSection
	GlobalSection(SolutionProperties) = preSolution
		HideSolutionNode = FALSE
	EndGlobalSection
EndGlobal
