
Microsoft Visual Studio Solution File, Format Version 12.00
# Visual Studio 2013
VisualStudioVersion = 12.0.31101.0
MinimumVisualStudioVersion = 10.0.40219.1
Project("{FAE04EC0-301F-11D3-BF4B-00C04F79EFBC}") = "01. Quality Methods", "01. Quality Methods\01. Quality Methods.csproj", "{ACB6C074-4596-48D7-A2DD-2E62B05F5EFB}"
EndProject
Project("{FAE04EC0-301F-11D3-BF4B-00C04F79EFBC}") = "Problem 1", "..\..\..\Module-1\CSharp Part 2\CSharp2Exam\Problem 1\Problem 1.csproj", "{ED7DDCEE-7DDA-4D28-AF2A-E1B3E21ECB17}"
EndProject
Project("{FAE04EC0-301F-11D3-BF4B-00C04F79EFBC}") = "Problem 2", "..\..\..\Module-1\CSharp Part 2\CSharp2Exam\Problem 2\Problem 2.csproj", "{191008BA-8B6C-411F-AC95-1B184FD2EEBB}"
EndProject
Project("{FAE04EC0-301F-11D3-BF4B-00C04F79EFBC}") = "Problem 3", "..\..\..\Module-1\CSharp Part 2\CSharp2Exam\Problem 3\Problem 3.csproj", "{3DA0C244-A5D2-4762-9324-656409DEB38F}"
EndProject
Global
	GlobalSection(SolutionConfigurationPlatforms) = preSolution
		Debug|Any CPU = Debug|Any CPU
		Release|Any CPU = Release|Any CPU
	EndGlobalSection
	GlobalSection(ProjectConfigurationPlatforms) = postSolution
		{ACB6C074-4596-48D7-A2DD-2E62B05F5EFB}.Debug|Any CPU.ActiveCfg = Debug|Any CPU
		{ACB6C074-4596-48D7-A2DD-2E62B05F5EFB}.Debug|Any CPU.Build.0 = Debug|Any CPU
		{ACB6C074-4596-48D7-A2DD-2E62B05F5EFB}.Release|Any CPU.ActiveCfg = Release|Any CPU
		{ACB6C074-4596-48D7-A2DD-2E62B05F5EFB}.Release|Any CPU.Build.0 = Release|Any CPU
		{ED7DDCEE-7DDA-4D28-AF2A-E1B3E21ECB17}.Debug|Any CPU.ActiveCfg = Debug|Any CPU
		{ED7DDCEE-7DDA-4D28-AF2A-E1B3E21ECB17}.Debug|Any CPU.Build.0 = Debug|Any CPU
		{ED7DDCEE-7DDA-4D28-AF2A-E1B3E21ECB17}.Release|Any CPU.ActiveCfg = Release|Any CPU
		{ED7DDCEE-7DDA-4D28-AF2A-E1B3E21ECB17}.Release|Any CPU.Build.0 = Release|Any CPU
		{191008BA-8B6C-411F-AC95-1B184FD2EEBB}.Debug|Any CPU.ActiveCfg = Debug|Any CPU
		{191008BA-8B6C-411F-AC95-1B184FD2EEBB}.Debug|Any CPU.Build.0 = Debug|Any CPU
		{191008BA-8B6C-411F-AC95-1B184FD2EEBB}.Release|Any CPU.ActiveCfg = Release|Any CPU
		{191008BA-8B6C-411F-AC95-1B184FD2EEBB}.Release|Any CPU.Build.0 = Release|Any CPU
		{3DA0C244-A5D2-4762-9324-656409DEB38F}.Debug|Any CPU.ActiveCfg = Debug|Any CPU
		{3DA0C244-A5D2-4762-9324-656409DEB38F}.Debug|Any CPU.Build.0 = Debug|Any CPU
		{3DA0C244-A5D2-4762-9324-656409DEB38F}.Release|Any CPU.ActiveCfg = Release|Any CPU
		{3DA0C244-A5D2-4762-9324-656409DEB38F}.Release|Any CPU.Build.0 = Release|Any CPU
	EndGlobalSection
	GlobalSection(SolutionProperties) = preSolution
		HideSolutionNode = FALSE
	EndGlobalSection
EndGlobal
