
Microsoft Visual Studio Solution File, Format Version 12.00
# Visual Studio 2013
VisualStudioVersion = 12.0.31101.0
MinimumVisualStudioVersion = 10.0.40219.1
Project("{FAE04EC0-301F-11D3-BF4B-00C04F79EFBC}") = "MathExpression", "MathExpression\MathExpression.csproj", "{9A63DA20-3E8D-49C4-A84E-AB084F347952}"
EndProject
Project("{FAE04EC0-301F-11D3-BF4B-00C04F79EFBC}") = "LeastMajorityMultiple", "LeastMajorityMultiple\LeastMajorityMultiple.csproj", "{AFCEBA52-A539-49C7-B6DF-0860B62DEDC6}"
EndProject
Project("{FAE04EC0-301F-11D3-BF4B-00C04F79EFBC}") = "Trapezoid", "Trapezoid\Trapezoid.csproj", "{43701541-F18F-4D03-8A29-6DCC01D1C66C}"
EndProject
Project("{FAE04EC0-301F-11D3-BF4B-00C04F79EFBC}") = "Odd Number", "Odd Number\Odd Number.csproj", "{03AADB31-475E-4975-8BE4-5CCA01B8103C}"
EndProject
Project("{FAE04EC0-301F-11D3-BF4B-00C04F79EFBC}") = "Fall Down", "Fall Down\Fall Down.csproj", "{114B6BC0-64B6-4D8D-9E24-99883C8329FE}"
EndProject
Project("{FAE04EC0-301F-11D3-BF4B-00C04F79EFBC}") = "Next Date", "Next Date\Next Date.csproj", "{1165E81B-5859-4881-AA25-26D544DAD850}"
EndProject
Project("{FAE04EC0-301F-11D3-BF4B-00C04F79EFBC}") = "Triple Rotation of Digits", "Triple Rotation of Digits\Triple Rotation of Digits.csproj", "{8475A788-75BC-4108-8AA6-3B5FEE46412F}"
EndProject
Project("{FAE04EC0-301F-11D3-BF4B-00C04F79EFBC}") = "Tribonacci", "Tribonacci\Tribonacci.csproj", "{BE9939D2-5C7A-42B7-BB5D-0644C1FF4C64}"
EndProject
Project("{FAE04EC0-301F-11D3-BF4B-00C04F79EFBC}") = "FirstProblemExamPrep", "FirstProblemExamPrep\FirstProblemExamPrep.csproj", "{AB429C96-54E5-456C-8288-AD738AE0910C}"
EndProject
Project("{FAE04EC0-301F-11D3-BF4B-00C04F79EFBC}") = "SecondProblemExamPrep", "SecondProblemExamPrep\SecondProblemExamPrep.csproj", "{38361269-ADD2-4CC9-AB49-23B409142951}"
EndProject
Project("{FAE04EC0-301F-11D3-BF4B-00C04F79EFBC}") = "ThirdProblemExamPrep", "ThirdProblemExamPrep\ThirdProblemExamPrep.csproj", "{049EBC31-F4C5-497A-AC67-9D8534CEADA2}"
EndProject
Project("{FAE04EC0-301F-11D3-BF4B-00C04F79EFBC}") = "Fir Tree", "Fir Tree\Fir Tree.csproj", "{7044C81A-722B-45B3-9061-A04707F8E5AF}"
EndProject
Project("{FAE04EC0-301F-11D3-BF4B-00C04F79EFBC}") = "Mitko's bits", "Mitko's bits\Mitko's bits.csproj", "{DE363707-6AA0-4EB6-B228-C72A4A39096F}"
EndProject
Project("{FAE04EC0-301F-11D3-BF4B-00C04F79EFBC}") = "MollyAndMollly", "MollyAndMollly\MollyAndMollly.csproj", "{E1A15E64-3B7C-42EC-A26F-3EF13C955A67}"
EndProject
Project("{FAE04EC0-301F-11D3-BF4B-00C04F79EFBC}") = "Nightmare on Code Street", "Nightmare on Code Street\Nightmare on Code Street.csproj", "{C393E2CB-7303-48CB-B41D-310FA7A2EF88}"
EndProject
Project("{FAE04EC0-301F-11D3-BF4B-00C04F79EFBC}") = "Enigmanation", "Enigmanation\Enigmanation.csproj", "{D7FBFC51-CC4F-487A-A051-EF9FE559A9C5}"
EndProject
Project("{FAE04EC0-301F-11D3-BF4B-00C04F79EFBC}") = "CofeeMashine", "CofeeMashine\CofeeMashine.csproj", "{377972B2-F7FE-4666-B674-F4BEB9290295}"
EndProject
Project("{FAE04EC0-301F-11D3-BF4B-00C04F79EFBC}") = "Drunken Numbers", "Drunken Numbers\Drunken Numbers.csproj", "{F24E3FE9-C964-466E-8E91-900D437FBEF3}"
EndProject
Project("{FAE04EC0-301F-11D3-BF4B-00C04F79EFBC}") = "Fire in the Matrix", "Fire in the Matrix\Fire in the Matrix.csproj", "{B62F0C86-3EF8-4D8F-A14D-EE643A519A60}"
EndProject
Project("{FAE04EC0-301F-11D3-BF4B-00C04F79EFBC}") = "Neurons", "Neurons\Neurons.csproj", "{8340CD9B-7A3C-404A-A4D0-F05455C942A2}"
EndProject
Project("{FAE04EC0-301F-11D3-BF4B-00C04F79EFBC}") = "PeaceOfCake", "PeaceOfCake\PeaceOfCake.csproj", "{125DD9F9-9711-482E-855B-F1D90116A98D}"
EndProject
Project("{FAE04EC0-301F-11D3-BF4B-00C04F79EFBC}") = "Angry Female GPS", "Angry Female GPS\Angry Female GPS.csproj", "{C8BF8298-9FB5-4360-9DB3-9F7674B2901F}"
EndProject
Project("{FAE04EC0-301F-11D3-BF4B-00C04F79EFBC}") = "OnesAndZeros", "OnesAndZeros\OnesAndZeros.csproj", "{422EE0EF-A557-45FF-9CCB-0816E29F48AF}"
EndProject
Project("{FAE04EC0-301F-11D3-BF4B-00C04F79EFBC}") = "Eggcelent", "Eggcelent\Eggcelent.csproj", "{4C6EAF09-F753-497D-BCA4-96EA2D758AB1}"
EndProject
Project("{FAE04EC0-301F-11D3-BF4B-00C04F79EFBC}") = "NaBabaMiSmetalnika", "NaBabaMiSmetalnika\NaBabaMiSmetalnika.csproj", "{A7CAAF2A-ABC5-447F-8977-BB378518C708}"
EndProject
Project("{FAE04EC0-301F-11D3-BF4B-00C04F79EFBC}") = "Garden", "Garden\Garden.csproj", "{51D81999-BE36-4FDD-8D93-030CE4CEED5A}"
EndProject
Project("{FAE04EC0-301F-11D3-BF4B-00C04F79EFBC}") = "The Secrets of Numbers", "The Secrets of Numbers\The Secrets of Numbers.csproj", "{EF467B2C-9D14-4C76-8F33-1FF7AE610034}"
EndProject
Project("{FAE04EC0-301F-11D3-BF4B-00C04F79EFBC}") = "big integer reminder", "big integer reminder\big integer reminder.csproj", "{17AE13D7-0EC4-4A77-B915-5FE5325D0607}"
EndProject
Project("{FAE04EC0-301F-11D3-BF4B-00C04F79EFBC}") = "BatBoikoTower", "BatBoikoTower\BatBoikoTower.csproj", "{D9211D4B-73EC-4577-B369-3AFC92EDFC73}"
EndProject
Global
	GlobalSection(SolutionConfigurationPlatforms) = preSolution
		Debug|Any CPU = Debug|Any CPU
		Debug|ARM = Debug|ARM
		Debug|x64 = Debug|x64
		Debug|x86 = Debug|x86
		Release|Any CPU = Release|Any CPU
		Release|ARM = Release|ARM
		Release|x64 = Release|x64
		Release|x86 = Release|x86
	EndGlobalSection
	GlobalSection(ProjectConfigurationPlatforms) = postSolution
		{9A63DA20-3E8D-49C4-A84E-AB084F347952}.Debug|Any CPU.ActiveCfg = Debug|Any CPU
		{9A63DA20-3E8D-49C4-A84E-AB084F347952}.Debug|Any CPU.Build.0 = Debug|Any CPU
		{9A63DA20-3E8D-49C4-A84E-AB084F347952}.Debug|ARM.ActiveCfg = Debug|Any CPU
		{9A63DA20-3E8D-49C4-A84E-AB084F347952}.Debug|x64.ActiveCfg = Debug|Any CPU
		{9A63DA20-3E8D-49C4-A84E-AB084F347952}.Debug|x86.ActiveCfg = Debug|Any CPU
		{9A63DA20-3E8D-49C4-A84E-AB084F347952}.Release|Any CPU.ActiveCfg = Release|Any CPU
		{9A63DA20-3E8D-49C4-A84E-AB084F347952}.Release|Any CPU.Build.0 = Release|Any CPU
		{9A63DA20-3E8D-49C4-A84E-AB084F347952}.Release|ARM.ActiveCfg = Release|Any CPU
		{9A63DA20-3E8D-49C4-A84E-AB084F347952}.Release|x64.ActiveCfg = Release|Any CPU
		{9A63DA20-3E8D-49C4-A84E-AB084F347952}.Release|x86.ActiveCfg = Release|Any CPU
		{AFCEBA52-A539-49C7-B6DF-0860B62DEDC6}.Debug|Any CPU.ActiveCfg = Debug|Any CPU
		{AFCEBA52-A539-49C7-B6DF-0860B62DEDC6}.Debug|Any CPU.Build.0 = Debug|Any CPU
		{AFCEBA52-A539-49C7-B6DF-0860B62DEDC6}.Debug|ARM.ActiveCfg = Debug|Any CPU
		{AFCEBA52-A539-49C7-B6DF-0860B62DEDC6}.Debug|x64.ActiveCfg = Debug|Any CPU
		{AFCEBA52-A539-49C7-B6DF-0860B62DEDC6}.Debug|x86.ActiveCfg = Debug|Any CPU
		{AFCEBA52-A539-49C7-B6DF-0860B62DEDC6}.Release|Any CPU.ActiveCfg = Release|Any CPU
		{AFCEBA52-A539-49C7-B6DF-0860B62DEDC6}.Release|Any CPU.Build.0 = Release|Any CPU
		{AFCEBA52-A539-49C7-B6DF-0860B62DEDC6}.Release|ARM.ActiveCfg = Release|Any CPU
		{AFCEBA52-A539-49C7-B6DF-0860B62DEDC6}.Release|x64.ActiveCfg = Release|Any CPU
		{AFCEBA52-A539-49C7-B6DF-0860B62DEDC6}.Release|x86.ActiveCfg = Release|Any CPU
		{43701541-F18F-4D03-8A29-6DCC01D1C66C}.Debug|Any CPU.ActiveCfg = Debug|Any CPU
		{43701541-F18F-4D03-8A29-6DCC01D1C66C}.Debug|Any CPU.Build.0 = Debug|Any CPU
		{43701541-F18F-4D03-8A29-6DCC01D1C66C}.Debug|ARM.ActiveCfg = Debug|Any CPU
		{43701541-F18F-4D03-8A29-6DCC01D1C66C}.Debug|x64.ActiveCfg = Debug|Any CPU
		{43701541-F18F-4D03-8A29-6DCC01D1C66C}.Debug|x86.ActiveCfg = Debug|Any CPU
		{43701541-F18F-4D03-8A29-6DCC01D1C66C}.Release|Any CPU.ActiveCfg = Release|Any CPU
		{43701541-F18F-4D03-8A29-6DCC01D1C66C}.Release|Any CPU.Build.0 = Release|Any CPU
		{43701541-F18F-4D03-8A29-6DCC01D1C66C}.Release|ARM.ActiveCfg = Release|Any CPU
		{43701541-F18F-4D03-8A29-6DCC01D1C66C}.Release|x64.ActiveCfg = Release|Any CPU
		{43701541-F18F-4D03-8A29-6DCC01D1C66C}.Release|x86.ActiveCfg = Release|Any CPU
		{03AADB31-475E-4975-8BE4-5CCA01B8103C}.Debug|Any CPU.ActiveCfg = Debug|Any CPU
		{03AADB31-475E-4975-8BE4-5CCA01B8103C}.Debug|Any CPU.Build.0 = Debug|Any CPU
		{03AADB31-475E-4975-8BE4-5CCA01B8103C}.Debug|ARM.ActiveCfg = Debug|Any CPU
		{03AADB31-475E-4975-8BE4-5CCA01B8103C}.Debug|x64.ActiveCfg = Debug|Any CPU
		{03AADB31-475E-4975-8BE4-5CCA01B8103C}.Debug|x86.ActiveCfg = Debug|Any CPU
		{03AADB31-475E-4975-8BE4-5CCA01B8103C}.Release|Any CPU.ActiveCfg = Release|Any CPU
		{03AADB31-475E-4975-8BE4-5CCA01B8103C}.Release|Any CPU.Build.0 = Release|Any CPU
		{03AADB31-475E-4975-8BE4-5CCA01B8103C}.Release|ARM.ActiveCfg = Release|Any CPU
		{03AADB31-475E-4975-8BE4-5CCA01B8103C}.Release|x64.ActiveCfg = Release|Any CPU
		{03AADB31-475E-4975-8BE4-5CCA01B8103C}.Release|x86.ActiveCfg = Release|Any CPU
		{114B6BC0-64B6-4D8D-9E24-99883C8329FE}.Debug|Any CPU.ActiveCfg = Debug|Any CPU
		{114B6BC0-64B6-4D8D-9E24-99883C8329FE}.Debug|Any CPU.Build.0 = Debug|Any CPU
		{114B6BC0-64B6-4D8D-9E24-99883C8329FE}.Debug|ARM.ActiveCfg = Debug|Any CPU
		{114B6BC0-64B6-4D8D-9E24-99883C8329FE}.Debug|x64.ActiveCfg = Debug|Any CPU
		{114B6BC0-64B6-4D8D-9E24-99883C8329FE}.Debug|x86.ActiveCfg = Debug|Any CPU
		{114B6BC0-64B6-4D8D-9E24-99883C8329FE}.Release|Any CPU.ActiveCfg = Release|Any CPU
		{114B6BC0-64B6-4D8D-9E24-99883C8329FE}.Release|Any CPU.Build.0 = Release|Any CPU
		{114B6BC0-64B6-4D8D-9E24-99883C8329FE}.Release|ARM.ActiveCfg = Release|Any CPU
		{114B6BC0-64B6-4D8D-9E24-99883C8329FE}.Release|x64.ActiveCfg = Release|Any CPU
		{114B6BC0-64B6-4D8D-9E24-99883C8329FE}.Release|x86.ActiveCfg = Release|Any CPU
		{1165E81B-5859-4881-AA25-26D544DAD850}.Debug|Any CPU.ActiveCfg = Debug|Any CPU
		{1165E81B-5859-4881-AA25-26D544DAD850}.Debug|Any CPU.Build.0 = Debug|Any CPU
		{1165E81B-5859-4881-AA25-26D544DAD850}.Debug|ARM.ActiveCfg = Debug|Any CPU
		{1165E81B-5859-4881-AA25-26D544DAD850}.Debug|x64.ActiveCfg = Debug|Any CPU
		{1165E81B-5859-4881-AA25-26D544DAD850}.Debug|x86.ActiveCfg = Debug|Any CPU
		{1165E81B-5859-4881-AA25-26D544DAD850}.Release|Any CPU.ActiveCfg = Release|Any CPU
		{1165E81B-5859-4881-AA25-26D544DAD850}.Release|Any CPU.Build.0 = Release|Any CPU
		{1165E81B-5859-4881-AA25-26D544DAD850}.Release|ARM.ActiveCfg = Release|Any CPU
		{1165E81B-5859-4881-AA25-26D544DAD850}.Release|x64.ActiveCfg = Release|Any CPU
		{1165E81B-5859-4881-AA25-26D544DAD850}.Release|x86.ActiveCfg = Release|Any CPU
		{8475A788-75BC-4108-8AA6-3B5FEE46412F}.Debug|Any CPU.ActiveCfg = Debug|Any CPU
		{8475A788-75BC-4108-8AA6-3B5FEE46412F}.Debug|Any CPU.Build.0 = Debug|Any CPU
		{8475A788-75BC-4108-8AA6-3B5FEE46412F}.Debug|ARM.ActiveCfg = Debug|Any CPU
		{8475A788-75BC-4108-8AA6-3B5FEE46412F}.Debug|x64.ActiveCfg = Debug|Any CPU
		{8475A788-75BC-4108-8AA6-3B5FEE46412F}.Debug|x86.ActiveCfg = Debug|Any CPU
		{8475A788-75BC-4108-8AA6-3B5FEE46412F}.Release|Any CPU.ActiveCfg = Release|Any CPU
		{8475A788-75BC-4108-8AA6-3B5FEE46412F}.Release|Any CPU.Build.0 = Release|Any CPU
		{8475A788-75BC-4108-8AA6-3B5FEE46412F}.Release|ARM.ActiveCfg = Release|Any CPU
		{8475A788-75BC-4108-8AA6-3B5FEE46412F}.Release|x64.ActiveCfg = Release|Any CPU
		{8475A788-75BC-4108-8AA6-3B5FEE46412F}.Release|x86.ActiveCfg = Release|Any CPU
		{BE9939D2-5C7A-42B7-BB5D-0644C1FF4C64}.Debug|Any CPU.ActiveCfg = Debug|Any CPU
		{BE9939D2-5C7A-42B7-BB5D-0644C1FF4C64}.Debug|Any CPU.Build.0 = Debug|Any CPU
		{BE9939D2-5C7A-42B7-BB5D-0644C1FF4C64}.Debug|ARM.ActiveCfg = Debug|Any CPU
		{BE9939D2-5C7A-42B7-BB5D-0644C1FF4C64}.Debug|x64.ActiveCfg = Debug|Any CPU
		{BE9939D2-5C7A-42B7-BB5D-0644C1FF4C64}.Debug|x86.ActiveCfg = Debug|Any CPU
		{BE9939D2-5C7A-42B7-BB5D-0644C1FF4C64}.Release|Any CPU.ActiveCfg = Release|Any CPU
		{BE9939D2-5C7A-42B7-BB5D-0644C1FF4C64}.Release|Any CPU.Build.0 = Release|Any CPU
		{BE9939D2-5C7A-42B7-BB5D-0644C1FF4C64}.Release|ARM.ActiveCfg = Release|Any CPU
		{BE9939D2-5C7A-42B7-BB5D-0644C1FF4C64}.Release|x64.ActiveCfg = Release|Any CPU
		{BE9939D2-5C7A-42B7-BB5D-0644C1FF4C64}.Release|x86.ActiveCfg = Release|Any CPU
		{AB429C96-54E5-456C-8288-AD738AE0910C}.Debug|Any CPU.ActiveCfg = Debug|Any CPU
		{AB429C96-54E5-456C-8288-AD738AE0910C}.Debug|Any CPU.Build.0 = Debug|Any CPU
		{AB429C96-54E5-456C-8288-AD738AE0910C}.Debug|ARM.ActiveCfg = Debug|Any CPU
		{AB429C96-54E5-456C-8288-AD738AE0910C}.Debug|x64.ActiveCfg = Debug|Any CPU
		{AB429C96-54E5-456C-8288-AD738AE0910C}.Debug|x86.ActiveCfg = Debug|Any CPU
		{AB429C96-54E5-456C-8288-AD738AE0910C}.Release|Any CPU.ActiveCfg = Release|Any CPU
		{AB429C96-54E5-456C-8288-AD738AE0910C}.Release|Any CPU.Build.0 = Release|Any CPU
		{AB429C96-54E5-456C-8288-AD738AE0910C}.Release|ARM.ActiveCfg = Release|Any CPU
		{AB429C96-54E5-456C-8288-AD738AE0910C}.Release|x64.ActiveCfg = Release|Any CPU
		{AB429C96-54E5-456C-8288-AD738AE0910C}.Release|x86.ActiveCfg = Release|Any CPU
		{38361269-ADD2-4CC9-AB49-23B409142951}.Debug|Any CPU.ActiveCfg = Debug|Any CPU
		{38361269-ADD2-4CC9-AB49-23B409142951}.Debug|Any CPU.Build.0 = Debug|Any CPU
		{38361269-ADD2-4CC9-AB49-23B409142951}.Debug|ARM.ActiveCfg = Debug|Any CPU
		{38361269-ADD2-4CC9-AB49-23B409142951}.Debug|x64.ActiveCfg = Debug|Any CPU
		{38361269-ADD2-4CC9-AB49-23B409142951}.Debug|x86.ActiveCfg = Debug|Any CPU
		{38361269-ADD2-4CC9-AB49-23B409142951}.Release|Any CPU.ActiveCfg = Release|Any CPU
		{38361269-ADD2-4CC9-AB49-23B409142951}.Release|Any CPU.Build.0 = Release|Any CPU
		{38361269-ADD2-4CC9-AB49-23B409142951}.Release|ARM.ActiveCfg = Release|Any CPU
		{38361269-ADD2-4CC9-AB49-23B409142951}.Release|x64.ActiveCfg = Release|Any CPU
		{38361269-ADD2-4CC9-AB49-23B409142951}.Release|x86.ActiveCfg = Release|Any CPU
		{049EBC31-F4C5-497A-AC67-9D8534CEADA2}.Debug|Any CPU.ActiveCfg = Debug|Any CPU
		{049EBC31-F4C5-497A-AC67-9D8534CEADA2}.Debug|Any CPU.Build.0 = Debug|Any CPU
		{049EBC31-F4C5-497A-AC67-9D8534CEADA2}.Debug|ARM.ActiveCfg = Debug|Any CPU
		{049EBC31-F4C5-497A-AC67-9D8534CEADA2}.Debug|x64.ActiveCfg = Debug|Any CPU
		{049EBC31-F4C5-497A-AC67-9D8534CEADA2}.Debug|x86.ActiveCfg = Debug|Any CPU
		{049EBC31-F4C5-497A-AC67-9D8534CEADA2}.Release|Any CPU.ActiveCfg = Release|Any CPU
		{049EBC31-F4C5-497A-AC67-9D8534CEADA2}.Release|Any CPU.Build.0 = Release|Any CPU
		{049EBC31-F4C5-497A-AC67-9D8534CEADA2}.Release|ARM.ActiveCfg = Release|Any CPU
		{049EBC31-F4C5-497A-AC67-9D8534CEADA2}.Release|x64.ActiveCfg = Release|Any CPU
		{049EBC31-F4C5-497A-AC67-9D8534CEADA2}.Release|x86.ActiveCfg = Release|Any CPU
		{7044C81A-722B-45B3-9061-A04707F8E5AF}.Debug|Any CPU.ActiveCfg = Debug|Any CPU
		{7044C81A-722B-45B3-9061-A04707F8E5AF}.Debug|Any CPU.Build.0 = Debug|Any CPU
		{7044C81A-722B-45B3-9061-A04707F8E5AF}.Debug|ARM.ActiveCfg = Debug|Any CPU
		{7044C81A-722B-45B3-9061-A04707F8E5AF}.Debug|x64.ActiveCfg = Debug|Any CPU
		{7044C81A-722B-45B3-9061-A04707F8E5AF}.Debug|x86.ActiveCfg = Debug|Any CPU
		{7044C81A-722B-45B3-9061-A04707F8E5AF}.Release|Any CPU.ActiveCfg = Release|Any CPU
		{7044C81A-722B-45B3-9061-A04707F8E5AF}.Release|Any CPU.Build.0 = Release|Any CPU
		{7044C81A-722B-45B3-9061-A04707F8E5AF}.Release|ARM.ActiveCfg = Release|Any CPU
		{7044C81A-722B-45B3-9061-A04707F8E5AF}.Release|x64.ActiveCfg = Release|Any CPU
		{7044C81A-722B-45B3-9061-A04707F8E5AF}.Release|x86.ActiveCfg = Release|Any CPU
		{DE363707-6AA0-4EB6-B228-C72A4A39096F}.Debug|Any CPU.ActiveCfg = Debug|Any CPU
		{DE363707-6AA0-4EB6-B228-C72A4A39096F}.Debug|Any CPU.Build.0 = Debug|Any CPU
		{DE363707-6AA0-4EB6-B228-C72A4A39096F}.Debug|ARM.ActiveCfg = Debug|Any CPU
		{DE363707-6AA0-4EB6-B228-C72A4A39096F}.Debug|x64.ActiveCfg = Debug|Any CPU
		{DE363707-6AA0-4EB6-B228-C72A4A39096F}.Debug|x86.ActiveCfg = Debug|Any CPU
		{DE363707-6AA0-4EB6-B228-C72A4A39096F}.Release|Any CPU.ActiveCfg = Release|Any CPU
		{DE363707-6AA0-4EB6-B228-C72A4A39096F}.Release|Any CPU.Build.0 = Release|Any CPU
		{DE363707-6AA0-4EB6-B228-C72A4A39096F}.Release|ARM.ActiveCfg = Release|Any CPU
		{DE363707-6AA0-4EB6-B228-C72A4A39096F}.Release|x64.ActiveCfg = Release|Any CPU
		{DE363707-6AA0-4EB6-B228-C72A4A39096F}.Release|x86.ActiveCfg = Release|Any CPU
		{E1A15E64-3B7C-42EC-A26F-3EF13C955A67}.Debug|Any CPU.ActiveCfg = Debug|Any CPU
		{E1A15E64-3B7C-42EC-A26F-3EF13C955A67}.Debug|Any CPU.Build.0 = Debug|Any CPU
		{E1A15E64-3B7C-42EC-A26F-3EF13C955A67}.Debug|ARM.ActiveCfg = Debug|Any CPU
		{E1A15E64-3B7C-42EC-A26F-3EF13C955A67}.Debug|x64.ActiveCfg = Debug|Any CPU
		{E1A15E64-3B7C-42EC-A26F-3EF13C955A67}.Debug|x86.ActiveCfg = Debug|Any CPU
		{E1A15E64-3B7C-42EC-A26F-3EF13C955A67}.Release|Any CPU.ActiveCfg = Release|Any CPU
		{E1A15E64-3B7C-42EC-A26F-3EF13C955A67}.Release|Any CPU.Build.0 = Release|Any CPU
		{E1A15E64-3B7C-42EC-A26F-3EF13C955A67}.Release|ARM.ActiveCfg = Release|Any CPU
		{E1A15E64-3B7C-42EC-A26F-3EF13C955A67}.Release|x64.ActiveCfg = Release|Any CPU
		{E1A15E64-3B7C-42EC-A26F-3EF13C955A67}.Release|x86.ActiveCfg = Release|Any CPU
		{C393E2CB-7303-48CB-B41D-310FA7A2EF88}.Debug|Any CPU.ActiveCfg = Debug|Any CPU
		{C393E2CB-7303-48CB-B41D-310FA7A2EF88}.Debug|Any CPU.Build.0 = Debug|Any CPU
		{C393E2CB-7303-48CB-B41D-310FA7A2EF88}.Debug|ARM.ActiveCfg = Debug|Any CPU
		{C393E2CB-7303-48CB-B41D-310FA7A2EF88}.Debug|x64.ActiveCfg = Debug|Any CPU
		{C393E2CB-7303-48CB-B41D-310FA7A2EF88}.Debug|x86.ActiveCfg = Debug|Any CPU
		{C393E2CB-7303-48CB-B41D-310FA7A2EF88}.Release|Any CPU.ActiveCfg = Release|Any CPU
		{C393E2CB-7303-48CB-B41D-310FA7A2EF88}.Release|Any CPU.Build.0 = Release|Any CPU
		{C393E2CB-7303-48CB-B41D-310FA7A2EF88}.Release|ARM.ActiveCfg = Release|Any CPU
		{C393E2CB-7303-48CB-B41D-310FA7A2EF88}.Release|x64.ActiveCfg = Release|Any CPU
		{C393E2CB-7303-48CB-B41D-310FA7A2EF88}.Release|x86.ActiveCfg = Release|Any CPU
		{D7FBFC51-CC4F-487A-A051-EF9FE559A9C5}.Debug|Any CPU.ActiveCfg = Debug|Any CPU
		{D7FBFC51-CC4F-487A-A051-EF9FE559A9C5}.Debug|Any CPU.Build.0 = Debug|Any CPU
		{D7FBFC51-CC4F-487A-A051-EF9FE559A9C5}.Debug|ARM.ActiveCfg = Debug|Any CPU
		{D7FBFC51-CC4F-487A-A051-EF9FE559A9C5}.Debug|x64.ActiveCfg = Debug|Any CPU
		{D7FBFC51-CC4F-487A-A051-EF9FE559A9C5}.Debug|x86.ActiveCfg = Debug|Any CPU
		{D7FBFC51-CC4F-487A-A051-EF9FE559A9C5}.Release|Any CPU.ActiveCfg = Release|Any CPU
		{D7FBFC51-CC4F-487A-A051-EF9FE559A9C5}.Release|Any CPU.Build.0 = Release|Any CPU
		{D7FBFC51-CC4F-487A-A051-EF9FE559A9C5}.Release|ARM.ActiveCfg = Release|Any CPU
		{D7FBFC51-CC4F-487A-A051-EF9FE559A9C5}.Release|x64.ActiveCfg = Release|Any CPU
		{D7FBFC51-CC4F-487A-A051-EF9FE559A9C5}.Release|x86.ActiveCfg = Release|Any CPU
		{377972B2-F7FE-4666-B674-F4BEB9290295}.Debug|Any CPU.ActiveCfg = Debug|Any CPU
		{377972B2-F7FE-4666-B674-F4BEB9290295}.Debug|Any CPU.Build.0 = Debug|Any CPU
		{377972B2-F7FE-4666-B674-F4BEB9290295}.Debug|ARM.ActiveCfg = Debug|Any CPU
		{377972B2-F7FE-4666-B674-F4BEB9290295}.Debug|x64.ActiveCfg = Debug|Any CPU
		{377972B2-F7FE-4666-B674-F4BEB9290295}.Debug|x86.ActiveCfg = Debug|Any CPU
		{377972B2-F7FE-4666-B674-F4BEB9290295}.Release|Any CPU.ActiveCfg = Release|Any CPU
		{377972B2-F7FE-4666-B674-F4BEB9290295}.Release|Any CPU.Build.0 = Release|Any CPU
		{377972B2-F7FE-4666-B674-F4BEB9290295}.Release|ARM.ActiveCfg = Release|Any CPU
		{377972B2-F7FE-4666-B674-F4BEB9290295}.Release|x64.ActiveCfg = Release|Any CPU
		{377972B2-F7FE-4666-B674-F4BEB9290295}.Release|x86.ActiveCfg = Release|Any CPU
		{F24E3FE9-C964-466E-8E91-900D437FBEF3}.Debug|Any CPU.ActiveCfg = Debug|Any CPU
		{F24E3FE9-C964-466E-8E91-900D437FBEF3}.Debug|Any CPU.Build.0 = Debug|Any CPU
		{F24E3FE9-C964-466E-8E91-900D437FBEF3}.Debug|ARM.ActiveCfg = Debug|Any CPU
		{F24E3FE9-C964-466E-8E91-900D437FBEF3}.Debug|x64.ActiveCfg = Debug|Any CPU
		{F24E3FE9-C964-466E-8E91-900D437FBEF3}.Debug|x86.ActiveCfg = Debug|Any CPU
		{F24E3FE9-C964-466E-8E91-900D437FBEF3}.Release|Any CPU.ActiveCfg = Release|Any CPU
		{F24E3FE9-C964-466E-8E91-900D437FBEF3}.Release|Any CPU.Build.0 = Release|Any CPU
		{F24E3FE9-C964-466E-8E91-900D437FBEF3}.Release|ARM.ActiveCfg = Release|Any CPU
		{F24E3FE9-C964-466E-8E91-900D437FBEF3}.Release|x64.ActiveCfg = Release|Any CPU
		{F24E3FE9-C964-466E-8E91-900D437FBEF3}.Release|x86.ActiveCfg = Release|Any CPU
		{B62F0C86-3EF8-4D8F-A14D-EE643A519A60}.Debug|Any CPU.ActiveCfg = Debug|Any CPU
		{B62F0C86-3EF8-4D8F-A14D-EE643A519A60}.Debug|Any CPU.Build.0 = Debug|Any CPU
		{B62F0C86-3EF8-4D8F-A14D-EE643A519A60}.Debug|ARM.ActiveCfg = Debug|Any CPU
		{B62F0C86-3EF8-4D8F-A14D-EE643A519A60}.Debug|x64.ActiveCfg = Debug|Any CPU
		{B62F0C86-3EF8-4D8F-A14D-EE643A519A60}.Debug|x86.ActiveCfg = Debug|Any CPU
		{B62F0C86-3EF8-4D8F-A14D-EE643A519A60}.Release|Any CPU.ActiveCfg = Release|Any CPU
		{B62F0C86-3EF8-4D8F-A14D-EE643A519A60}.Release|Any CPU.Build.0 = Release|Any CPU
		{B62F0C86-3EF8-4D8F-A14D-EE643A519A60}.Release|ARM.ActiveCfg = Release|Any CPU
		{B62F0C86-3EF8-4D8F-A14D-EE643A519A60}.Release|x64.ActiveCfg = Release|Any CPU
		{B62F0C86-3EF8-4D8F-A14D-EE643A519A60}.Release|x86.ActiveCfg = Release|Any CPU
		{8340CD9B-7A3C-404A-A4D0-F05455C942A2}.Debug|Any CPU.ActiveCfg = Debug|Any CPU
		{8340CD9B-7A3C-404A-A4D0-F05455C942A2}.Debug|Any CPU.Build.0 = Debug|Any CPU
		{8340CD9B-7A3C-404A-A4D0-F05455C942A2}.Debug|ARM.ActiveCfg = Debug|Any CPU
		{8340CD9B-7A3C-404A-A4D0-F05455C942A2}.Debug|x64.ActiveCfg = Debug|Any CPU
		{8340CD9B-7A3C-404A-A4D0-F05455C942A2}.Debug|x86.ActiveCfg = Debug|Any CPU
		{8340CD9B-7A3C-404A-A4D0-F05455C942A2}.Release|Any CPU.ActiveCfg = Release|Any CPU
		{8340CD9B-7A3C-404A-A4D0-F05455C942A2}.Release|Any CPU.Build.0 = Release|Any CPU
		{8340CD9B-7A3C-404A-A4D0-F05455C942A2}.Release|ARM.ActiveCfg = Release|Any CPU
		{8340CD9B-7A3C-404A-A4D0-F05455C942A2}.Release|x64.ActiveCfg = Release|Any CPU
		{8340CD9B-7A3C-404A-A4D0-F05455C942A2}.Release|x86.ActiveCfg = Release|Any CPU
		{125DD9F9-9711-482E-855B-F1D90116A98D}.Debug|Any CPU.ActiveCfg = Debug|Any CPU
		{125DD9F9-9711-482E-855B-F1D90116A98D}.Debug|Any CPU.Build.0 = Debug|Any CPU
		{125DD9F9-9711-482E-855B-F1D90116A98D}.Debug|ARM.ActiveCfg = Debug|Any CPU
		{125DD9F9-9711-482E-855B-F1D90116A98D}.Debug|x64.ActiveCfg = Debug|Any CPU
		{125DD9F9-9711-482E-855B-F1D90116A98D}.Debug|x86.ActiveCfg = Debug|Any CPU
		{125DD9F9-9711-482E-855B-F1D90116A98D}.Release|Any CPU.ActiveCfg = Release|Any CPU
		{125DD9F9-9711-482E-855B-F1D90116A98D}.Release|Any CPU.Build.0 = Release|Any CPU
		{125DD9F9-9711-482E-855B-F1D90116A98D}.Release|ARM.ActiveCfg = Release|Any CPU
		{125DD9F9-9711-482E-855B-F1D90116A98D}.Release|x64.ActiveCfg = Release|Any CPU
		{125DD9F9-9711-482E-855B-F1D90116A98D}.Release|x86.ActiveCfg = Release|Any CPU
		{C8BF8298-9FB5-4360-9DB3-9F7674B2901F}.Debug|Any CPU.ActiveCfg = Debug|Any CPU
		{C8BF8298-9FB5-4360-9DB3-9F7674B2901F}.Debug|Any CPU.Build.0 = Debug|Any CPU
		{C8BF8298-9FB5-4360-9DB3-9F7674B2901F}.Debug|ARM.ActiveCfg = Debug|Any CPU
		{C8BF8298-9FB5-4360-9DB3-9F7674B2901F}.Debug|x64.ActiveCfg = Debug|Any CPU
		{C8BF8298-9FB5-4360-9DB3-9F7674B2901F}.Debug|x86.ActiveCfg = Debug|Any CPU
		{C8BF8298-9FB5-4360-9DB3-9F7674B2901F}.Release|Any CPU.ActiveCfg = Release|Any CPU
		{C8BF8298-9FB5-4360-9DB3-9F7674B2901F}.Release|Any CPU.Build.0 = Release|Any CPU
		{C8BF8298-9FB5-4360-9DB3-9F7674B2901F}.Release|ARM.ActiveCfg = Release|Any CPU
		{C8BF8298-9FB5-4360-9DB3-9F7674B2901F}.Release|x64.ActiveCfg = Release|Any CPU
		{C8BF8298-9FB5-4360-9DB3-9F7674B2901F}.Release|x86.ActiveCfg = Release|Any CPU
		{422EE0EF-A557-45FF-9CCB-0816E29F48AF}.Debug|Any CPU.ActiveCfg = Debug|Any CPU
		{422EE0EF-A557-45FF-9CCB-0816E29F48AF}.Debug|Any CPU.Build.0 = Debug|Any CPU
		{422EE0EF-A557-45FF-9CCB-0816E29F48AF}.Debug|ARM.ActiveCfg = Debug|Any CPU
		{422EE0EF-A557-45FF-9CCB-0816E29F48AF}.Debug|x64.ActiveCfg = Debug|Any CPU
		{422EE0EF-A557-45FF-9CCB-0816E29F48AF}.Debug|x86.ActiveCfg = Debug|Any CPU
		{422EE0EF-A557-45FF-9CCB-0816E29F48AF}.Release|Any CPU.ActiveCfg = Release|Any CPU
		{422EE0EF-A557-45FF-9CCB-0816E29F48AF}.Release|Any CPU.Build.0 = Release|Any CPU
		{422EE0EF-A557-45FF-9CCB-0816E29F48AF}.Release|ARM.ActiveCfg = Release|Any CPU
		{422EE0EF-A557-45FF-9CCB-0816E29F48AF}.Release|x64.ActiveCfg = Release|Any CPU
		{422EE0EF-A557-45FF-9CCB-0816E29F48AF}.Release|x86.ActiveCfg = Release|Any CPU
		{4C6EAF09-F753-497D-BCA4-96EA2D758AB1}.Debug|Any CPU.ActiveCfg = Debug|Any CPU
		{4C6EAF09-F753-497D-BCA4-96EA2D758AB1}.Debug|Any CPU.Build.0 = Debug|Any CPU
		{4C6EAF09-F753-497D-BCA4-96EA2D758AB1}.Debug|ARM.ActiveCfg = Debug|Any CPU
		{4C6EAF09-F753-497D-BCA4-96EA2D758AB1}.Debug|x64.ActiveCfg = Debug|Any CPU
		{4C6EAF09-F753-497D-BCA4-96EA2D758AB1}.Debug|x86.ActiveCfg = Debug|Any CPU
		{4C6EAF09-F753-497D-BCA4-96EA2D758AB1}.Release|Any CPU.ActiveCfg = Release|Any CPU
		{4C6EAF09-F753-497D-BCA4-96EA2D758AB1}.Release|Any CPU.Build.0 = Release|Any CPU
		{4C6EAF09-F753-497D-BCA4-96EA2D758AB1}.Release|ARM.ActiveCfg = Release|Any CPU
		{4C6EAF09-F753-497D-BCA4-96EA2D758AB1}.Release|x64.ActiveCfg = Release|Any CPU
		{4C6EAF09-F753-497D-BCA4-96EA2D758AB1}.Release|x86.ActiveCfg = Release|Any CPU
		{A7CAAF2A-ABC5-447F-8977-BB378518C708}.Debug|Any CPU.ActiveCfg = Debug|Any CPU
		{A7CAAF2A-ABC5-447F-8977-BB378518C708}.Debug|Any CPU.Build.0 = Debug|Any CPU
		{A7CAAF2A-ABC5-447F-8977-BB378518C708}.Debug|ARM.ActiveCfg = Debug|Any CPU
		{A7CAAF2A-ABC5-447F-8977-BB378518C708}.Debug|x64.ActiveCfg = Debug|Any CPU
		{A7CAAF2A-ABC5-447F-8977-BB378518C708}.Debug|x86.ActiveCfg = Debug|Any CPU
		{A7CAAF2A-ABC5-447F-8977-BB378518C708}.Release|Any CPU.ActiveCfg = Release|Any CPU
		{A7CAAF2A-ABC5-447F-8977-BB378518C708}.Release|Any CPU.Build.0 = Release|Any CPU
		{A7CAAF2A-ABC5-447F-8977-BB378518C708}.Release|ARM.ActiveCfg = Release|Any CPU
		{A7CAAF2A-ABC5-447F-8977-BB378518C708}.Release|x64.ActiveCfg = Release|Any CPU
		{A7CAAF2A-ABC5-447F-8977-BB378518C708}.Release|x86.ActiveCfg = Release|Any CPU
		{51D81999-BE36-4FDD-8D93-030CE4CEED5A}.Debug|Any CPU.ActiveCfg = Debug|Any CPU
		{51D81999-BE36-4FDD-8D93-030CE4CEED5A}.Debug|Any CPU.Build.0 = Debug|Any CPU
		{51D81999-BE36-4FDD-8D93-030CE4CEED5A}.Debug|ARM.ActiveCfg = Debug|Any CPU
		{51D81999-BE36-4FDD-8D93-030CE4CEED5A}.Debug|x64.ActiveCfg = Debug|Any CPU
		{51D81999-BE36-4FDD-8D93-030CE4CEED5A}.Debug|x86.ActiveCfg = Debug|Any CPU
		{51D81999-BE36-4FDD-8D93-030CE4CEED5A}.Release|Any CPU.ActiveCfg = Release|Any CPU
		{51D81999-BE36-4FDD-8D93-030CE4CEED5A}.Release|Any CPU.Build.0 = Release|Any CPU
		{51D81999-BE36-4FDD-8D93-030CE4CEED5A}.Release|ARM.ActiveCfg = Release|Any CPU
		{51D81999-BE36-4FDD-8D93-030CE4CEED5A}.Release|x64.ActiveCfg = Release|Any CPU
		{51D81999-BE36-4FDD-8D93-030CE4CEED5A}.Release|x86.ActiveCfg = Release|Any CPU
		{EF467B2C-9D14-4C76-8F33-1FF7AE610034}.Debug|Any CPU.ActiveCfg = Debug|Any CPU
		{EF467B2C-9D14-4C76-8F33-1FF7AE610034}.Debug|Any CPU.Build.0 = Debug|Any CPU
		{EF467B2C-9D14-4C76-8F33-1FF7AE610034}.Debug|ARM.ActiveCfg = Debug|Any CPU
		{EF467B2C-9D14-4C76-8F33-1FF7AE610034}.Debug|x64.ActiveCfg = Debug|Any CPU
		{EF467B2C-9D14-4C76-8F33-1FF7AE610034}.Debug|x86.ActiveCfg = Debug|Any CPU
		{EF467B2C-9D14-4C76-8F33-1FF7AE610034}.Release|Any CPU.ActiveCfg = Release|Any CPU
		{EF467B2C-9D14-4C76-8F33-1FF7AE610034}.Release|Any CPU.Build.0 = Release|Any CPU
		{EF467B2C-9D14-4C76-8F33-1FF7AE610034}.Release|ARM.ActiveCfg = Release|Any CPU
		{EF467B2C-9D14-4C76-8F33-1FF7AE610034}.Release|x64.ActiveCfg = Release|Any CPU
		{EF467B2C-9D14-4C76-8F33-1FF7AE610034}.Release|x86.ActiveCfg = Release|Any CPU
		{17AE13D7-0EC4-4A77-B915-5FE5325D0607}.Debug|Any CPU.ActiveCfg = Debug|Any CPU
		{17AE13D7-0EC4-4A77-B915-5FE5325D0607}.Debug|Any CPU.Build.0 = Debug|Any CPU
		{17AE13D7-0EC4-4A77-B915-5FE5325D0607}.Debug|ARM.ActiveCfg = Debug|Any CPU
		{17AE13D7-0EC4-4A77-B915-5FE5325D0607}.Debug|x64.ActiveCfg = Debug|Any CPU
		{17AE13D7-0EC4-4A77-B915-5FE5325D0607}.Debug|x86.ActiveCfg = Debug|Any CPU
		{17AE13D7-0EC4-4A77-B915-5FE5325D0607}.Release|Any CPU.ActiveCfg = Release|Any CPU
		{17AE13D7-0EC4-4A77-B915-5FE5325D0607}.Release|Any CPU.Build.0 = Release|Any CPU
		{17AE13D7-0EC4-4A77-B915-5FE5325D0607}.Release|ARM.ActiveCfg = Release|Any CPU
		{17AE13D7-0EC4-4A77-B915-5FE5325D0607}.Release|x64.ActiveCfg = Release|Any CPU
		{17AE13D7-0EC4-4A77-B915-5FE5325D0607}.Release|x86.ActiveCfg = Release|Any CPU
		{D9211D4B-73EC-4577-B369-3AFC92EDFC73}.Debug|Any CPU.ActiveCfg = Debug|Any CPU
		{D9211D4B-73EC-4577-B369-3AFC92EDFC73}.Debug|Any CPU.Build.0 = Debug|Any CPU
		{D9211D4B-73EC-4577-B369-3AFC92EDFC73}.Debug|ARM.ActiveCfg = Debug|Any CPU
		{D9211D4B-73EC-4577-B369-3AFC92EDFC73}.Debug|x64.ActiveCfg = Debug|Any CPU
		{D9211D4B-73EC-4577-B369-3AFC92EDFC73}.Debug|x86.ActiveCfg = Debug|Any CPU
		{D9211D4B-73EC-4577-B369-3AFC92EDFC73}.Release|Any CPU.ActiveCfg = Release|Any CPU
		{D9211D4B-73EC-4577-B369-3AFC92EDFC73}.Release|Any CPU.Build.0 = Release|Any CPU
		{D9211D4B-73EC-4577-B369-3AFC92EDFC73}.Release|ARM.ActiveCfg = Release|Any CPU
		{D9211D4B-73EC-4577-B369-3AFC92EDFC73}.Release|x64.ActiveCfg = Release|Any CPU
		{D9211D4B-73EC-4577-B369-3AFC92EDFC73}.Release|x86.ActiveCfg = Release|Any CPU
	EndGlobalSection
	GlobalSection(SolutionProperties) = preSolution
		HideSolutionNode = FALSE
	EndGlobalSection
EndGlobal
